
Microsoft Visual Studio Solution File, Format Version 12.00
# Visual Studio Version 16
VisualStudioVersion = 16.0.31005.135
MinimumVisualStudioVersion = 10.0.40219.1
Project("{FAE04EC0-301F-11D3-BF4B-00C04F79EFBC}") = "CSHARP_Conditions_Exo1", "CSHARP_Conditions_Exo1\CSHARP_Conditions_Exo1.csproj", "{AB9ED34A-3BE7-4534-ABB3-E01C4B58829B}"
EndProject
Global
	GlobalSection(SolutionConfigurationPlatforms) = preSolution
		Debug|Any CPU = Debug|Any CPU
		Release|Any CPU = Release|Any CPU
	EndGlobalSection
	GlobalSection(ProjectConfigurationPlatforms) = postSolution
		{AB9ED34A-3BE7-4534-ABB3-E01C4B58829B}.Debug|Any CPU.ActiveCfg = Debug|Any CPU
		{AB9ED34A-3BE7-4534-ABB3-E01C4B58829B}.Debug|Any CPU.Build.0 = Debug|Any CPU
		{AB9ED34A-3BE7-4534-ABB3-E01C4B58829B}.Release|Any CPU.ActiveCfg = Release|Any CPU
		{AB9ED34A-3BE7-4534-ABB3-E01C4B58829B}.Release|Any CPU.Build.0 = Release|Any CPU
	EndGlobalSection
	GlobalSection(SolutionProperties) = preSolution
		HideSolutionNode = FALSE
	EndGlobalSection
	GlobalSection(ExtensibilityGlobals) = postSolution
		SolutionGuid = {FFD4FC91-18D9-427D-B097-63EE8F8EDEFA}
	EndGlobalSection
EndGlobal
